
Microsoft Visual Studio Solution File, Format Version 12.00
# Visual Studio 15
VisualStudioVersion = 15.0.28307.902
MinimumVisualStudioVersion = 10.0.40219.1
Project("{FAE04EC0-301F-11D3-BF4B-00C04F79EFBC}") = "TpPuissance4PooCs", "TpPuissance4PooCs\TpPuissance4PooCs.csproj", "{4D3B4070-D453-4F63-A74E-384328F2A97A}"
EndProject
Global
	GlobalSection(SolutionConfigurationPlatforms) = preSolution
		Debug|Any CPU = Debug|Any CPU
		Release|Any CPU = Release|Any CPU
	EndGlobalSection
	GlobalSection(ProjectConfigurationPlatforms) = postSolution
		{4D3B4070-D453-4F63-A74E-384328F2A97A}.Debug|Any CPU.ActiveCfg = Debug|Any CPU
		{4D3B4070-D453-4F63-A74E-384328F2A97A}.Debug|Any CPU.Build.0 = Debug|Any CPU
		{4D3B4070-D453-4F63-A74E-384328F2A97A}.Release|Any CPU.ActiveCfg = Release|Any CPU
		{4D3B4070-D453-4F63-A74E-384328F2A97A}.Release|Any CPU.Build.0 = Release|Any CPU
	EndGlobalSection
	GlobalSection(SolutionProperties) = preSolution
		HideSolutionNode = FALSE
	EndGlobalSection
	GlobalSection(ExtensibilityGlobals) = postSolution
		SolutionGuid = {A3221BE0-45B3-49A0-A41B-C96087011265}
	EndGlobalSection
EndGlobal
